
Microsoft Visual Studio Solution File, Format Version 12.00
# Visual Studio Version 17
VisualStudioVersion = 17.3.32901.215
MinimumVisualStudioVersion = 10.0.40219.1
Project("{9A19103F-16F7-4668-BE54-9A1E7A4F7556}") = "Ejercicio 1", "Strings\Ejercicio 1.csproj", "{285DCBD7-3389-49D9-BFEC-2FBF1E000F93}"
EndProject
Project("{9A19103F-16F7-4668-BE54-9A1E7A4F7556}") = "Strings2", "Strings2\Strings2.csproj", "{A7134F0C-7987-4114-BBBB-00B84AC84F03}"
EndProject
Project("{9A19103F-16F7-4668-BE54-9A1E7A4F7556}") = "Strings4", "Strings4\Strings4.csproj", "{655AA71C-BB77-4B96-AB99-8029831CD125}"
EndProject
Project("{9A19103F-16F7-4668-BE54-9A1E7A4F7556}") = "Strings3", "Strings3\Strings3.csproj", "{D8073C67-9BB0-4BD8-89BF-610AB3B1E3BD}"
EndProject
Project("{9A19103F-16F7-4668-BE54-9A1E7A4F7556}") = "Strings5", "Strings5\Strings5.csproj", "{465BB352-876D-4BC3-9EE4-1605152F6923}"
EndProject
Project("{9A19103F-16F7-4668-BE54-9A1E7A4F7556}") = "Strings5.1", "Strings5.1\Strings5.1.csproj", "{BDCF1B54-0317-44E7-94EF-05D7638529C0}"
EndProject
Project("{9A19103F-16F7-4668-BE54-9A1E7A4F7556}") = "Strings6", "Strings6\Strings6.csproj", "{A353D9CD-335F-417A-96C7-41634E021863}"
EndProject
Project("{9A19103F-16F7-4668-BE54-9A1E7A4F7556}") = "Strings7", "Strings7\Strings7.csproj", "{E5DCE0CC-59C1-47B9-86A0-1B27CD3BB58A}"
EndProject
Project("{9A19103F-16F7-4668-BE54-9A1E7A4F7556}") = "Strings8", "Strings8\Strings8.csproj", "{6741F67B-41CE-443D-B546-2EE193C76F61}"
EndProject
Project("{9A19103F-16F7-4668-BE54-9A1E7A4F7556}") = "Ejer9", "Ejer9\Ejer9.csproj", "{970281A6-703F-4DB5-AA9A-41B1B91349A1}"
EndProject
Project("{9A19103F-16F7-4668-BE54-9A1E7A4F7556}") = "Ejercicio 10", "Ejer10\Ejercicio 10.csproj", "{B8DE3751-53D0-457D-A293-D1353D8E68A8}"
EndProject
Project("{9A19103F-16F7-4668-BE54-9A1E7A4F7556}") = "Ejer11", "Ejer11\Ejer11.csproj", "{8848A250-718C-4A12-91B3-6DF390E45E03}"
EndProject
Project("{9A19103F-16F7-4668-BE54-9A1E7A4F7556}") = "Ejer 12", "Ejer12\Ejer 12.csproj", "{2C549BC7-125B-41CD-9ECF-26E29F109455}"
EndProject
Project("{9A19103F-16F7-4668-BE54-9A1E7A4F7556}") = "Ejer14", "Ejer14\Ejer14.csproj", "{0E3328ED-BC7E-473B-9C34-BA75BE9870C6}"
EndProject
Project("{9A19103F-16F7-4668-BE54-9A1E7A4F7556}") = "Ejercicio15", "Ejercicio15\Ejercicio15.csproj", "{B30A0DA9-C26A-4979-B178-3CF562E4B0B2}"
EndProject
Project("{9A19103F-16F7-4668-BE54-9A1E7A4F7556}") = "Ejercicio13", "Ejercicio13\Ejercicio13.csproj", "{3BB7B6BB-1815-400A-AB26-A77659BBA6E4}"
EndProject
Project("{9A19103F-16F7-4668-BE54-9A1E7A4F7556}") = "Ejercicio16", "Ejercicio16\Ejercicio16.csproj", "{87B00316-8D35-4649-9416-E278CC43CDA0}"
EndProject
Project("{9A19103F-16F7-4668-BE54-9A1E7A4F7556}") = "Ejercicio 17.1", "Ejercicio 17.1\Ejercicio 17.1.csproj", "{F99FD457-4FC3-43E2-BFD5-6106E9636A85}"
EndProject
Project("{9A19103F-16F7-4668-BE54-9A1E7A4F7556}") = "Ejercicio 18", "Ejercicio 18\Ejercicio 18.csproj", "{82F893B7-2CAB-4744-A697-1614C7703097}"
EndProject
Project("{FAE04EC0-301F-11D3-BF4B-00C04F79EFBC}") = "Ejercicio 7 Rafa", "Ejercicio 7 Rafa\Ejercicio 7 Rafa.csproj", "{42AA54BB-1C91-4620-A7EA-5E6C196CE565}"
EndProject
Global
	GlobalSection(SolutionConfigurationPlatforms) = preSolution
		Debug|Any CPU = Debug|Any CPU
		Release|Any CPU = Release|Any CPU
	EndGlobalSection
	GlobalSection(ProjectConfigurationPlatforms) = postSolution
		{285DCBD7-3389-49D9-BFEC-2FBF1E000F93}.Debug|Any CPU.ActiveCfg = Debug|Any CPU
		{285DCBD7-3389-49D9-BFEC-2FBF1E000F93}.Debug|Any CPU.Build.0 = Debug|Any CPU
		{285DCBD7-3389-49D9-BFEC-2FBF1E000F93}.Release|Any CPU.ActiveCfg = Release|Any CPU
		{285DCBD7-3389-49D9-BFEC-2FBF1E000F93}.Release|Any CPU.Build.0 = Release|Any CPU
		{A7134F0C-7987-4114-BBBB-00B84AC84F03}.Debug|Any CPU.ActiveCfg = Debug|Any CPU
		{A7134F0C-7987-4114-BBBB-00B84AC84F03}.Debug|Any CPU.Build.0 = Debug|Any CPU
		{A7134F0C-7987-4114-BBBB-00B84AC84F03}.Release|Any CPU.ActiveCfg = Release|Any CPU
		{A7134F0C-7987-4114-BBBB-00B84AC84F03}.Release|Any CPU.Build.0 = Release|Any CPU
		{655AA71C-BB77-4B96-AB99-8029831CD125}.Debug|Any CPU.ActiveCfg = Debug|Any CPU
		{655AA71C-BB77-4B96-AB99-8029831CD125}.Debug|Any CPU.Build.0 = Debug|Any CPU
		{655AA71C-BB77-4B96-AB99-8029831CD125}.Release|Any CPU.ActiveCfg = Release|Any CPU
		{655AA71C-BB77-4B96-AB99-8029831CD125}.Release|Any CPU.Build.0 = Release|Any CPU
		{D8073C67-9BB0-4BD8-89BF-610AB3B1E3BD}.Debug|Any CPU.ActiveCfg = Debug|Any CPU
		{D8073C67-9BB0-4BD8-89BF-610AB3B1E3BD}.Debug|Any CPU.Build.0 = Debug|Any CPU
		{D8073C67-9BB0-4BD8-89BF-610AB3B1E3BD}.Release|Any CPU.ActiveCfg = Release|Any CPU
		{D8073C67-9BB0-4BD8-89BF-610AB3B1E3BD}.Release|Any CPU.Build.0 = Release|Any CPU
		{465BB352-876D-4BC3-9EE4-1605152F6923}.Debug|Any CPU.ActiveCfg = Debug|Any CPU
		{465BB352-876D-4BC3-9EE4-1605152F6923}.Debug|Any CPU.Build.0 = Debug|Any CPU
		{465BB352-876D-4BC3-9EE4-1605152F6923}.Release|Any CPU.ActiveCfg = Release|Any CPU
		{465BB352-876D-4BC3-9EE4-1605152F6923}.Release|Any CPU.Build.0 = Release|Any CPU
		{BDCF1B54-0317-44E7-94EF-05D7638529C0}.Debug|Any CPU.ActiveCfg = Debug|Any CPU
		{BDCF1B54-0317-44E7-94EF-05D7638529C0}.Debug|Any CPU.Build.0 = Debug|Any CPU
		{BDCF1B54-0317-44E7-94EF-05D7638529C0}.Release|Any CPU.ActiveCfg = Release|Any CPU
		{BDCF1B54-0317-44E7-94EF-05D7638529C0}.Release|Any CPU.Build.0 = Release|Any CPU
		{A353D9CD-335F-417A-96C7-41634E021863}.Debug|Any CPU.ActiveCfg = Debug|Any CPU
		{A353D9CD-335F-417A-96C7-41634E021863}.Debug|Any CPU.Build.0 = Debug|Any CPU
		{A353D9CD-335F-417A-96C7-41634E021863}.Release|Any CPU.ActiveCfg = Release|Any CPU
		{A353D9CD-335F-417A-96C7-41634E021863}.Release|Any CPU.Build.0 = Release|Any CPU
		{E5DCE0CC-59C1-47B9-86A0-1B27CD3BB58A}.Debug|Any CPU.ActiveCfg = Debug|Any CPU
		{E5DCE0CC-59C1-47B9-86A0-1B27CD3BB58A}.Debug|Any CPU.Build.0 = Debug|Any CPU
		{E5DCE0CC-59C1-47B9-86A0-1B27CD3BB58A}.Release|Any CPU.ActiveCfg = Release|Any CPU
		{E5DCE0CC-59C1-47B9-86A0-1B27CD3BB58A}.Release|Any CPU.Build.0 = Release|Any CPU
		{6741F67B-41CE-443D-B546-2EE193C76F61}.Debug|Any CPU.ActiveCfg = Debug|Any CPU
		{6741F67B-41CE-443D-B546-2EE193C76F61}.Debug|Any CPU.Build.0 = Debug|Any CPU
		{6741F67B-41CE-443D-B546-2EE193C76F61}.Release|Any CPU.ActiveCfg = Release|Any CPU
		{6741F67B-41CE-443D-B546-2EE193C76F61}.Release|Any CPU.Build.0 = Release|Any CPU
		{970281A6-703F-4DB5-AA9A-41B1B91349A1}.Debug|Any CPU.ActiveCfg = Debug|Any CPU
		{970281A6-703F-4DB5-AA9A-41B1B91349A1}.Debug|Any CPU.Build.0 = Debug|Any CPU
		{970281A6-703F-4DB5-AA9A-41B1B91349A1}.Release|Any CPU.ActiveCfg = Release|Any CPU
		{970281A6-703F-4DB5-AA9A-41B1B91349A1}.Release|Any CPU.Build.0 = Release|Any CPU
		{B8DE3751-53D0-457D-A293-D1353D8E68A8}.Debug|Any CPU.ActiveCfg = Debug|Any CPU
		{B8DE3751-53D0-457D-A293-D1353D8E68A8}.Debug|Any CPU.Build.0 = Debug|Any CPU
		{B8DE3751-53D0-457D-A293-D1353D8E68A8}.Release|Any CPU.ActiveCfg = Release|Any CPU
		{B8DE3751-53D0-457D-A293-D1353D8E68A8}.Release|Any CPU.Build.0 = Release|Any CPU
		{8848A250-718C-4A12-91B3-6DF390E45E03}.Debug|Any CPU.ActiveCfg = Debug|Any CPU
		{8848A250-718C-4A12-91B3-6DF390E45E03}.Debug|Any CPU.Build.0 = Debug|Any CPU
		{8848A250-718C-4A12-91B3-6DF390E45E03}.Release|Any CPU.ActiveCfg = Release|Any CPU
		{8848A250-718C-4A12-91B3-6DF390E45E03}.Release|Any CPU.Build.0 = Release|Any CPU
		{2C549BC7-125B-41CD-9ECF-26E29F109455}.Debug|Any CPU.ActiveCfg = Debug|Any CPU
		{2C549BC7-125B-41CD-9ECF-26E29F109455}.Debug|Any CPU.Build.0 = Debug|Any CPU
		{2C549BC7-125B-41CD-9ECF-26E29F109455}.Release|Any CPU.ActiveCfg = Release|Any CPU
		{2C549BC7-125B-41CD-9ECF-26E29F109455}.Release|Any CPU.Build.0 = Release|Any CPU
		{0E3328ED-BC7E-473B-9C34-BA75BE9870C6}.Debug|Any CPU.ActiveCfg = Debug|Any CPU
		{0E3328ED-BC7E-473B-9C34-BA75BE9870C6}.Debug|Any CPU.Build.0 = Debug|Any CPU
		{0E3328ED-BC7E-473B-9C34-BA75BE9870C6}.Release|Any CPU.ActiveCfg = Release|Any CPU
		{0E3328ED-BC7E-473B-9C34-BA75BE9870C6}.Release|Any CPU.Build.0 = Release|Any CPU
		{B30A0DA9-C26A-4979-B178-3CF562E4B0B2}.Debug|Any CPU.ActiveCfg = Debug|Any CPU
		{B30A0DA9-C26A-4979-B178-3CF562E4B0B2}.Debug|Any CPU.Build.0 = Debug|Any CPU
		{B30A0DA9-C26A-4979-B178-3CF562E4B0B2}.Release|Any CPU.ActiveCfg = Release|Any CPU
		{B30A0DA9-C26A-4979-B178-3CF562E4B0B2}.Release|Any CPU.Build.0 = Release|Any CPU
		{3BB7B6BB-1815-400A-AB26-A77659BBA6E4}.Debug|Any CPU.ActiveCfg = Debug|Any CPU
		{3BB7B6BB-1815-400A-AB26-A77659BBA6E4}.Debug|Any CPU.Build.0 = Debug|Any CPU
		{3BB7B6BB-1815-400A-AB26-A77659BBA6E4}.Release|Any CPU.ActiveCfg = Release|Any CPU
		{3BB7B6BB-1815-400A-AB26-A77659BBA6E4}.Release|Any CPU.Build.0 = Release|Any CPU
		{87B00316-8D35-4649-9416-E278CC43CDA0}.Debug|Any CPU.ActiveCfg = Debug|Any CPU
		{87B00316-8D35-4649-9416-E278CC43CDA0}.Debug|Any CPU.Build.0 = Debug|Any CPU
		{87B00316-8D35-4649-9416-E278CC43CDA0}.Release|Any CPU.ActiveCfg = Release|Any CPU
		{87B00316-8D35-4649-9416-E278CC43CDA0}.Release|Any CPU.Build.0 = Release|Any CPU
		{F99FD457-4FC3-43E2-BFD5-6106E9636A85}.Debug|Any CPU.ActiveCfg = Debug|Any CPU
		{F99FD457-4FC3-43E2-BFD5-6106E9636A85}.Debug|Any CPU.Build.0 = Debug|Any CPU
		{F99FD457-4FC3-43E2-BFD5-6106E9636A85}.Release|Any CPU.ActiveCfg = Release|Any CPU
		{F99FD457-4FC3-43E2-BFD5-6106E9636A85}.Release|Any CPU.Build.0 = Release|Any CPU
		{82F893B7-2CAB-4744-A697-1614C7703097}.Debug|Any CPU.ActiveCfg = Debug|Any CPU
		{82F893B7-2CAB-4744-A697-1614C7703097}.Debug|Any CPU.Build.0 = Debug|Any CPU
		{82F893B7-2CAB-4744-A697-1614C7703097}.Release|Any CPU.ActiveCfg = Release|Any CPU
		{82F893B7-2CAB-4744-A697-1614C7703097}.Release|Any CPU.Build.0 = Release|Any CPU
		{42AA54BB-1C91-4620-A7EA-5E6C196CE565}.Debug|Any CPU.ActiveCfg = Debug|Any CPU
		{42AA54BB-1C91-4620-A7EA-5E6C196CE565}.Debug|Any CPU.Build.0 = Debug|Any CPU
		{42AA54BB-1C91-4620-A7EA-5E6C196CE565}.Release|Any CPU.ActiveCfg = Release|Any CPU
		{42AA54BB-1C91-4620-A7EA-5E6C196CE565}.Release|Any CPU.Build.0 = Release|Any CPU
	EndGlobalSection
	GlobalSection(SolutionProperties) = preSolution
		HideSolutionNode = FALSE
	EndGlobalSection
	GlobalSection(ExtensibilityGlobals) = postSolution
		SolutionGuid = {A8DD4DCE-D710-46C1-96A4-37B5CD275BE7}
	EndGlobalSection
EndGlobal
