
Microsoft Visual Studio Solution File, Format Version 12.00
# Visual Studio Version 17
VisualStudioVersion = 17.4.33213.308
MinimumVisualStudioVersion = 10.0.40219.1
Project("{FAE04EC0-301F-11D3-BF4B-00C04F79EFBC}") = "ENT0501", "ENT0501\ENT0501.csproj", "{D4FC324F-C67D-4027-BEE3-0703763AB45B}"
EndProject
Global
	GlobalSection(SolutionConfigurationPlatforms) = preSolution
		Debug|Any CPU = Debug|Any CPU
		Release|Any CPU = Release|Any CPU
	EndGlobalSection
	GlobalSection(ProjectConfigurationPlatforms) = postSolution
		{D4FC324F-C67D-4027-BEE3-0703763AB45B}.Debug|Any CPU.ActiveCfg = Debug|Any CPU
		{D4FC324F-C67D-4027-BEE3-0703763AB45B}.Debug|Any CPU.Build.0 = Debug|Any CPU
		{D4FC324F-C67D-4027-BEE3-0703763AB45B}.Release|Any CPU.ActiveCfg = Release|Any CPU
		{D4FC324F-C67D-4027-BEE3-0703763AB45B}.Release|Any CPU.Build.0 = Release|Any CPU
	EndGlobalSection
	GlobalSection(SolutionProperties) = preSolution
		HideSolutionNode = FALSE
	EndGlobalSection
	GlobalSection(ExtensibilityGlobals) = postSolution
		SolutionGuid = {359FCB93-D4F8-49DD-B6CB-07FC4B569BA6}
	EndGlobalSection
EndGlobal
