
Microsoft Visual Studio Solution File, Format Version 12.00
# Visual Studio Version 17
VisualStudioVersion = 17.5.33424.131
MinimumVisualStudioVersion = 10.0.40219.1
Project("{FAE04EC0-301F-11D3-BF4B-00C04F79EFBC}") = "ENT0506", "ConsoleApp1\ENT0506.csproj", "{F1A71B31-3BAB-4010-9003-1346D6119152}"
EndProject
Global
	GlobalSection(SolutionConfigurationPlatforms) = preSolution
		Debug|Any CPU = Debug|Any CPU
		Release|Any CPU = Release|Any CPU
	EndGlobalSection
	GlobalSection(ProjectConfigurationPlatforms) = postSolution
		{F1A71B31-3BAB-4010-9003-1346D6119152}.Debug|Any CPU.ActiveCfg = Debug|Any CPU
		{F1A71B31-3BAB-4010-9003-1346D6119152}.Debug|Any CPU.Build.0 = Debug|Any CPU
		{F1A71B31-3BAB-4010-9003-1346D6119152}.Release|Any CPU.ActiveCfg = Release|Any CPU
		{F1A71B31-3BAB-4010-9003-1346D6119152}.Release|Any CPU.Build.0 = Release|Any CPU
	EndGlobalSection
	GlobalSection(SolutionProperties) = preSolution
		HideSolutionNode = FALSE
	EndGlobalSection
	GlobalSection(ExtensibilityGlobals) = postSolution
		SolutionGuid = {A83C1FEA-2CAA-4279-A423-72AFB4B13AB4}
	EndGlobalSection
EndGlobal
