
Microsoft Visual Studio Solution File, Format Version 12.00
# Visual Studio Version 17
VisualStudioVersion = 17.3.32929.385
MinimumVisualStudioVersion = 10.0.40219.1
Project("{FAE04EC0-301F-11D3-BF4B-00C04F79EFBC}") = "Ejer1", "Ejercicios Condicionales\Ejer1.csproj", "{7D2ED329-3872-4FF1-B544-51E7442D6B68}"
EndProject
Project("{FAE04EC0-301F-11D3-BF4B-00C04F79EFBC}") = "Ejer2", "Ejer2\Ejer2.csproj", "{33ED48CC-2446-44D4-A76D-569AC109B48C}"
EndProject
Project("{FAE04EC0-301F-11D3-BF4B-00C04F79EFBC}") = "Ejer3", "Ejer3\Ejer3.csproj", "{82DF8980-31B8-4C3B-88EA-37FF73BB0307}"
EndProject
Global
	GlobalSection(SolutionConfigurationPlatforms) = preSolution
		Debug|Any CPU = Debug|Any CPU
		Release|Any CPU = Release|Any CPU
	EndGlobalSection
	GlobalSection(ProjectConfigurationPlatforms) = postSolution
		{7D2ED329-3872-4FF1-B544-51E7442D6B68}.Debug|Any CPU.ActiveCfg = Debug|Any CPU
		{7D2ED329-3872-4FF1-B544-51E7442D6B68}.Debug|Any CPU.Build.0 = Debug|Any CPU
		{7D2ED329-3872-4FF1-B544-51E7442D6B68}.Release|Any CPU.ActiveCfg = Release|Any CPU
		{7D2ED329-3872-4FF1-B544-51E7442D6B68}.Release|Any CPU.Build.0 = Release|Any CPU
		{33ED48CC-2446-44D4-A76D-569AC109B48C}.Debug|Any CPU.ActiveCfg = Debug|Any CPU
		{33ED48CC-2446-44D4-A76D-569AC109B48C}.Debug|Any CPU.Build.0 = Debug|Any CPU
		{33ED48CC-2446-44D4-A76D-569AC109B48C}.Release|Any CPU.ActiveCfg = Release|Any CPU
		{33ED48CC-2446-44D4-A76D-569AC109B48C}.Release|Any CPU.Build.0 = Release|Any CPU
		{82DF8980-31B8-4C3B-88EA-37FF73BB0307}.Debug|Any CPU.ActiveCfg = Debug|Any CPU
		{82DF8980-31B8-4C3B-88EA-37FF73BB0307}.Debug|Any CPU.Build.0 = Debug|Any CPU
		{82DF8980-31B8-4C3B-88EA-37FF73BB0307}.Release|Any CPU.ActiveCfg = Release|Any CPU
		{82DF8980-31B8-4C3B-88EA-37FF73BB0307}.Release|Any CPU.Build.0 = Release|Any CPU
	EndGlobalSection
	GlobalSection(SolutionProperties) = preSolution
		HideSolutionNode = FALSE
	EndGlobalSection
	GlobalSection(ExtensibilityGlobals) = postSolution
		SolutionGuid = {43E4E592-C350-42DD-872A-9C02FB473ABB}
	EndGlobalSection
EndGlobal
